
Microsoft Visual Studio Solution File, Format Version 12.00
# Visual Studio Version 16
VisualStudioVersion = 16.0.30128.74
MinimumVisualStudioVersion = 10.0.40219.1
Project("{FAE04EC0-301F-11D3-BF4B-00C04F79EFBC}") = "LocalImageTagger", "LocalImageTagger\LocalImageTagger.csproj", "{797E46C5-5AD1-441B-9183-07FEE83194F9}"
EndProject
Global
	GlobalSection(SolutionConfigurationPlatforms) = preSolution
		Debug|Any CPU = Debug|Any CPU
		Release|Any CPU = Release|Any CPU
	EndGlobalSection
	GlobalSection(ProjectConfigurationPlatforms) = postSolution
		{797E46C5-5AD1-441B-9183-07FEE83194F9}.Debug|Any CPU.ActiveCfg = Debug|Any CPU
		{797E46C5-5AD1-441B-9183-07FEE83194F9}.Debug|Any CPU.Build.0 = Debug|Any CPU
		{797E46C5-5AD1-441B-9183-07FEE83194F9}.Release|Any CPU.ActiveCfg = Release|Any CPU
		{797E46C5-5AD1-441B-9183-07FEE83194F9}.Release|Any CPU.Build.0 = Release|Any CPU
	EndGlobalSection
	GlobalSection(SolutionProperties) = preSolution
		HideSolutionNode = FALSE
	EndGlobalSection
	GlobalSection(ExtensibilityGlobals) = postSolution
		SolutionGuid = {A11668C4-DA75-4F34-8492-DAC837FC649A}
	EndGlobalSection
EndGlobal
